Microsoft Visual Studio Solution File, Format Version 12.00
# Visual Studio Version 17
VisualStudioVersion = 17.5.2.0
MinimumVisualStudioVersion = 10.0.40219.1
Project("{FAE04EC0-301F-11D3-BF4B-00C04F79EFBC}") = "IdentityEmailDemo", "IdentityEmailDemo.csproj", "{C104542E-C421-8E21-6897-3F24AEC3FAB4}"
EndProject
Global
	GlobalSection(SolutionConfigurationPlatforms) = preSolution
		Debug|Any CPU = Debug|Any CPU
		Release|Any CPU = Release|Any CPU
	EndGlobalSection
	GlobalSection(ProjectConfigurationPlatforms) = postSolution
		{C104542E-C421-8E21-6897-3F24AEC3FAB4}.Debug|Any CPU.ActiveCfg = Debug|Any CPU
		{C104542E-C421-8E21-6897-3F24AEC3FAB4}.Debug|Any CPU.Build.0 = Debug|Any CPU
		{C104542E-C421-8E21-6897-3F24AEC3FAB4}.Release|Any CPU.ActiveCfg = Release|Any CPU
		{C104542E-C421-8E21-6897-3F24AEC3FAB4}.Release|Any CPU.Build.0 = Release|Any CPU
	EndGlobalSection
	GlobalSection(SolutionProperties) = preSolution
		HideSolutionNode = FALSE
	EndGlobalSection
	GlobalSection(ExtensibilityGlobals) = postSolution
		SolutionGuid = {B7439E42-3881-422F-BF1F-741DE77B0E6F}
	EndGlobalSection
EndGlobal
